
Microsoft Visual Studio Solution File, Format Version 12.00
# Visual Studio Version 17
VisualStudioVersion = 17.11.35431.28
MinimumVisualStudioVersion = 10.0.40219.1
Project("{8BC9CEB8-8B4A-11D0-8D11-00A0C91BC942}") = "Yacht Dice", "Yacht Dice\Yacht Dice.vcxproj", "{82F8EFBE-E0A8-42B0-96A5-33DFB18F573A}"
EndProject
Global
	GlobalSection(SolutionConfigurationPlatforms) = preSolution
		Debug|x64 = Debug|x64
		Debug|x86 = Debug|x86
		Release|x64 = Release|x64
		Release|x86 = Release|x86
	EndGlobalSection
	GlobalSection(ProjectConfigurationPlatforms) = postSolution
		{82F8EFBE-E0A8-42B0-96A5-33DFB18F573A}.Debug|x64.ActiveCfg = Debug|x64
		{82F8EFBE-E0A8-42B0-96A5-33DFB18F573A}.Debug|x64.Build.0 = Debug|x64
		{82F8EFBE-E0A8-42B0-96A5-33DFB18F573A}.Debug|x86.ActiveCfg = Debug|Win32
		{82F8EFBE-E0A8-42B0-96A5-33DFB18F573A}.Debug|x86.Build.0 = Debug|Win32
		{82F8EFBE-E0A8-42B0-96A5-33DFB18F573A}.Release|x64.ActiveCfg = Release|x64
		{82F8EFBE-E0A8-42B0-96A5-33DFB18F573A}.Release|x64.Build.0 = Release|x64
		{82F8EFBE-E0A8-42B0-96A5-33DFB18F573A}.Release|x86.ActiveCfg = Release|Win32
		{82F8EFBE-E0A8-42B0-96A5-33DFB18F573A}.Release|x86.Build.0 = Release|Win32
	EndGlobalSection
	GlobalSection(SolutionProperties) = preSolution
		HideSolutionNode = FALSE
	EndGlobalSection
	GlobalSection(ExtensibilityGlobals) = postSolution
		SolutionGuid = {629506D5-87D1-4F0E-A6BA-E2B601FAEF21}
	EndGlobalSection
EndGlobal
